lockfileVersion: 5.3

specifiers:
  cookie-parser: ~1.4.4
  debug: ~2.6.9
  express: ~4.16.1
  http-errors: ~1.6.3
  morgan: ~1.9.1
  pg: ^8.7.1
  pg-hstore: ^2.3.4
  pug: 2.0.0-beta11
  sequelize: ^6.6.5
  sequelize-cli: ^6.2.0

dependencies:
  cookie-parser: 1.4.5
  debug: 2.6.9
  express: 4.16.4
  http-errors: 1.6.3
  morgan: 1.9.1
  pg: 8.7.1
  pg-hstore: 2.3.4
  pug: 2.0.0-beta11
  sequelize: 6.6.5_pg-hstore@2.3.4+pg@8.7.1

devDependencies:
  sequelize-cli: 6.2.0

packages:

  /@types/babel-types/7.0.11:
    resolution: {integrity: sha512-pkPtJUUY+Vwv6B1inAz55rQvivClHJxc9aVEPPmaq2cbyeMLCiDpbKpcKyX4LAwpNGi+SHBv0tHv6+0gXv0P2A==}
    dev: false

  /@types/babylon/6.16.6:
    resolution: {integrity: sha512-G4yqdVlhr6YhzLXFKy5F7HtRBU8Y23+iWy7UKthMq/OSQnL1hbsoeXESQ2LY8zEDlknipDG3nRGhUC9tkwvy/w==}
    dependencies:
      '@types/babel-types': 7.0.11
    dev: false

  /@types/node/16.7.6:
    resolution: {integrity: sha512-VESVNFoa/ahYA62xnLBjo5ur6gPsgEE5cNRy8SrdnkZ2nwJSW0kJ4ufbFr2zuU9ALtHM8juY53VcRoTA7htXSg==}
    dev: false

  /abbrev/1.1.1:
    resolution: {integrity: sha512-nne9/IiQ/hzIhY6pdDnbBtz7DjPTKrY00P/zvPSm5pOFkl6xuGrGnXn/VtTNNfNtAfZ9/1RtehkszU9qcTii0Q==}
    dev: true

  /accepts/1.3.7:
    resolution: {integrity: sha512-Il80Qs2WjYlJIBNzNkK6KYqlVMTbZLXgHx2oT0pU/fjRHyEp+PEfEPY0R3WCwAGVOtauxh1hOxNgIf5bv7dQpA==}
    engines: {node: '>= 0.6'}
    dependencies:
      mime-types: 2.1.32
      negotiator: 0.6.2
    dev: false

  /acorn-globals/3.1.0:
    resolution: {integrity: sha1-/YJw9x+7SZawBPqIDuXUZXOnMb8=}
    dependencies:
      acorn: 4.0.13
    dev: false

  /acorn/3.3.0:
    resolution: {integrity: sha1-ReN/s56No/JbruP/U2niu18iAXo=}
    engines: {node: '>=0.4.0'}
    hasBin: true
    dev: false

  /acorn/4.0.13:
    resolution: {integrity: sha1-EFSVrlNh1pe9GVyCUZLhrX8lN4c=}
    engines: {node: '>=0.4.0'}
    hasBin: true
    dev: false

  /align-text/0.1.4:
    resolution: {integrity: sha1-DNkKVhCT810KmSVsIrcGlDP60Rc=}
    engines: {node: '>=0.10.0'}
    dependencies:
      kind-of: 3.2.2
      longest: 1.0.1
      repeat-string: 1.6.1
    dev: false

  /amdefine/1.0.1:
    resolution: {integrity: sha1-SlKCrBZHKek2Gbz9OtFR+BfOkfU=}
    engines: {node: '>=0.4.2'}
    dev: false

  /ansi-regex/2.1.1:
    resolution: {integrity: sha1-w7M6te42DYbg5ijwRorn7yfWVN8=}
    engines: {node: '>=0.10.0'}
    dev: true

  /ansi-regex/4.1.0:
    resolution: {integrity: sha512-1apePfXM1UOSqw0o9IiFAovVz9M5S1Dg+4TrDwfMewQ6p/rmMueb7tWZjQ1rx4Loy1ArBggoqGpfqqdI4rondg==}
    engines: {node: '>=6'}
    dev: true

  /ansi-styles/3.2.1:
    resolution: {integrity: sha512-VT0ZI6kZRdTh8YyJw3SMbYm/u+NqfsAxEpWO0Pf9sq8/e94WxxOpPKx9FR1FlyCtOVDNOQ+8ntlqFxiRc+r5qA==}
    engines: {node: '>=4'}
    dependencies:
      color-convert: 1.9.3
    dev: true

  /any-promise/1.3.0:
    resolution: {integrity: sha1-q8av7tzqUugJzcA3au0845Y10X8=}
    dev: false

  /array-flatten/1.1.1:
    resolution: {integrity: sha1-ml9pkFGx5wczKPKgCJaLZOopVdI=}
    dev: false

  /asap/2.0.6:
    resolution: {integrity: sha1-5QNHYR1+aQlDIIu9r+vLwvuGbUY=}
    dev: false

  /babel-runtime/6.26.0:
    resolution: {integrity: sha1-llxwWGaOgrVde/4E/yM3vItWR/4=}
    dependencies:
      core-js: 2.6.12
      regenerator-runtime: 0.11.1
    dev: false

  /babel-types/6.26.0:
    resolution: {integrity: sha1-o7Bz+Uq0nrb6Vc1lInozQ4BjJJc=}
    dependencies:
      babel-runtime: 6.26.0
      esutils: 2.0.3
      lodash: 4.17.21
      to-fast-properties: 1.0.3
    dev: false

  /babylon/6.18.0:
    resolution: {integrity: sha512-q/UEjfGJ2Cm3oKV71DJz9d25TPnq5rhBVL2Q4fA5wcC3jcrdn7+SssEybFIxwAvvP+YCsCYNKughoF33GxgycQ==}
    hasBin: true
    dev: false

  /balanced-match/1.0.2:
    resolution: {integrity: sha512-3oSeUO0TMV67hN1AmbXsK4yaqU7tjiHlbxRDZOpH0KW9+CeX4bRAaX0Anxt0tx2MrpRpWwQaPwIlISEJhYU5Pw==}
    dev: true

  /basic-auth/2.0.1:
    resolution: {integrity: sha512-NF+epuEdnUYVlGuhaxbbq+dvJttwLnGY+YixlXlME5KpQ5W3CnXA5cVTneY3SPbPDRkcjMbifrwmFYcClgOZeg==}
    engines: {node: '>= 0.8'}
    dependencies:
      safe-buffer: 5.1.2
    dev: false

  /bluebird/3.7.2:
    resolution: {integrity: sha512-XpNj6GDQzdfW+r2Wnn7xiSAd7TM3jzkxGXBGTtWKuSXv1xUV+azxAm8jdWZN06QTQk+2N2XB9jRDkvbmQmcRtg==}
    dev: true

  /body-parser/1.18.3:
    resolution: {integrity: sha1-WykhmP/dVTs6DyDe0FkrlWlVyLQ=}
    engines: {node: '>= 0.8'}
    dependencies:
      bytes: 3.0.0
      content-type: 1.0.4
      debug: 2.6.9
      depd: 1.1.2
      http-errors: 1.6.3
      iconv-lite: 0.4.23
      on-finished: 2.3.0
      qs: 6.5.2
      raw-body: 2.3.3
      type-is: 1.6.18
    dev: false

  /brace-expansion/1.1.11:
    resolution: {integrity: sha512-iCuPHDFgrHX7H2vEI/5xpz07zSHB00TpugqhmYtVmMO6518mCuRMoOYFldEBl0g187ufozdaHgWKcYFb61qGiA==}
    dependencies:
      balanced-match: 1.0.2
      concat-map: 0.0.1
    dev: true

  /buffer-writer/2.0.0:
    resolution: {integrity: sha512-a7ZpuTZU1TRtnwyCNW3I5dc0wWNC3VR9S++Ewyk2HHZdrO3CQJqSpd+95Us590V6AL7JqUAH2IwZ/398PmNFgw==}
    engines: {node: '>=4'}
    dev: false

  /bytes/3.0.0:
    resolution: {integrity: sha1-0ygVQE1olpn4Wk6k+odV3ROpYEg=}
    engines: {node: '>= 0.8'}
    dev: false

  /call-bind/1.0.2:
    resolution: {integrity: sha512-7O+FbCihrB5WGbFYesctwmTKae6rOiIzmz1icreWJ+0aA7LJfuqhEso2T9ncpcFtzMQtzXf2QGGueWJGTYsqrA==}
    dependencies:
      function-bind: 1.1.1
      get-intrinsic: 1.1.1
    dev: false

  /camelcase/1.2.1:
    resolution: {integrity: sha1-m7UwTS4LVmmLLHWLCKPqqdqlijk=}
    engines: {node: '>=0.10.0'}
    dev: false

  /camelcase/5.3.1:
    resolution: {integrity: sha512-L28STB170nwWS63UjtlEOE3dldQApaJXZkOI1uMFfzf3rRuPegHaHesyee+YxQ+W6SvRDQV6UrdOdRiR153wJg==}
    engines: {node: '>=6'}
    dev: true

  /center-align/0.1.3:
    resolution: {integrity: sha1-qg0yYptu6XIgBBHL1EYckHvCt60=}
    engines: {node: '>=0.10.0'}
    dependencies:
      align-text: 0.1.4
      lazy-cache: 1.0.4
    dev: false

  /character-parser/2.2.0:
    resolution: {integrity: sha1-x84o821LzZdE5f/CxfzeHHMmH8A=}
    dependencies:
      is-regex: 1.1.4
    dev: false

  /clean-css/3.4.28:
    resolution: {integrity: sha1-vxlF6C/ICPVWlebd6uwBQA79A/8=}
    engines: {node: '>=0.10.0'}
    hasBin: true
    dependencies:
      commander: 2.8.1
      source-map: 0.4.4
    dev: false

  /cli-color/1.4.0:
    resolution: {integrity: sha512-xu6RvQqqrWEo6MPR1eixqGPywhYBHRs653F9jfXB2Hx4jdM/3WxiNE1vppRmxtMIfl16SFYTpYlrnqH/HsK/2w==}
    dependencies:
      ansi-regex: 2.1.1
      d: 1.0.1
      es5-ext: 0.10.53
      es6-iterator: 2.0.3
      memoizee: 0.4.15
      timers-ext: 0.1.7
    dev: true

  /cliui/2.1.0:
    resolution: {integrity: sha1-S0dXYP+AJkx2LDoXGQMukcf+oNE=}
    dependencies:
      center-align: 0.1.3
      right-align: 0.1.3
      wordwrap: 0.0.2
    dev: false

  /cliui/5.0.0:
    resolution: {integrity: sha512-PYeGSEmmHM6zvoef2w8TPzlrnNpXIjTipYK780YswmIP9vjxmd6Y2a3CB2Ks6/AU8NHjZugXvo8w3oWM2qnwXA==}
    dependencies:
      string-width: 3.1.0
      strip-ansi: 5.2.0
      wrap-ansi: 5.1.0
    dev: true

  /color-convert/1.9.3:
    resolution: {integrity: sha512-QfAUtd+vFdAtFQcC8CCyYt1fYWxSqAiK2cSD6zDB8N3cpsEBAvRxp9zOGg6G/SHHJYAT88/az/IuDGALsNVbGg==}
    dependencies:
      color-name: 1.1.3
    dev: true

  /color-name/1.1.3:
    resolution: {integrity: sha1-p9BVi9icQveV3UIyj3QIMcpTvCU=}
    dev: true

  /commander/2.20.3:
    resolution: {integrity: sha512-GpVkmM8vF2vQUkj2LvZmD35JxeJOLCwJ9cUkugyk2nuhbv3+mJvpLYYt+0+USMxE+oj+ey/lJEnhZw75x/OMcQ==}
    dev: true

  /commander/2.8.1:
    resolution: {integrity: sha1-Br42f+v9oMMwqh4qBy09yXYkJdQ=}
    engines: {node: '>= 0.6.x'}
    dependencies:
      graceful-readlink: 1.0.1
    dev: false

  /concat-map/0.0.1:
    resolution: {integrity: sha1-2Klr13/Wjfd5OnMDajug1UBdR3s=}
    dev: true

  /config-chain/1.1.13:
    resolution: {integrity: sha512-qj+f8APARXHrM0hraqXYb2/bOVSV4PvJQlNZ/DVj0QrmNM2q2euizkeuVckQ57J+W0mRH6Hvi+k50M4Jul2VRQ==}
    dependencies:
      ini: 1.3.8
      proto-list: 1.2.4
    dev: true

  /constantinople/3.1.2:
    resolution: {integrity: sha512-yePcBqEFhLOqSBtwYOGGS1exHo/s1xjekXiinh4itpNQGCu4KA1euPh1fg07N2wMITZXQkBz75Ntdt1ctGZouw==}
    dependencies:
      '@types/babel-types': 7.0.11
      '@types/babylon': 6.16.6
      babel-types: 6.26.0
      babylon: 6.18.0
    dev: false

  /content-disposition/0.5.2:
    resolution: {integrity: sha1-DPaLud318r55YcOoUXjLhdunjLQ=}
    engines: {node: '>= 0.6'}
    dev: false

  /content-type/1.0.4:
    resolution: {integrity: sha512-hIP3EEPs8tB9AT1L+NUqtwOAps4mk2Zob89MWXMHjHWg9milF/j4osnnQLXBCBFBk/tvIG/tUc9mOUJiPBhPXA==}
    engines: {node: '>= 0.6'}
    dev: false

  /cookie-parser/1.4.5:
    resolution: {integrity: sha512-f13bPUj/gG/5mDr+xLmSxxDsB9DQiTIfhJS/sqjrmfAWiAN+x2O4i/XguTL9yDZ+/IFDanJ+5x7hC4CXT9Tdzw==}
    engines: {node: '>= 0.8.0'}
    dependencies:
      cookie: 0.4.0
      cookie-signature: 1.0.6
    dev: false

  /cookie-signature/1.0.6:
    resolution: {integrity: sha1-4wOogrNCzD7oylE6eZmXNNqzriw=}
    dev: false

  /cookie/0.3.1:
    resolution: {integrity: sha1-5+Ch+e9DtMi6klxcWpboBtFoc7s=}
    engines: {node: '>= 0.6'}
    dev: false

  /cookie/0.4.0:
    resolution: {integrity: sha512-+Hp8fLp57wnUSt0tY0tHEXh4voZRDnoIrZPqlo3DPiI4y9lwg/jqx+1Om94/W6ZaPDOUbnjOt/99w66zk+l1Xg==}
    engines: {node: '>= 0.6'}
    dev: false

  /core-js/2.6.12:
    resolution: {integrity: sha512-Kb2wC0fvsWfQrgk8HU5lW6U/Lcs8+9aaYcy4ZFc6DDlo4nZ7n70dEgE5rtR0oG6ufKDUnrwfWL1mXR5ljDatrQ==}
    deprecated: core-js@<3.3 is no longer maintained and not recommended for usage due to the number of issues. Because of the V8 engine whims, feature detection in old core-js versions could cause a slowdown up to 100x even if nothing is polyfilled. Please, upgrade your dependencies to the actual version of core-js.
    requiresBuild: true
    dev: false

  /d/1.0.1:
    resolution: {integrity: sha512-m62ShEObQ39CfralilEQRjH6oAMtNCV1xJyEx5LpRYUVN+EviphDgUc/F3hnYbADmkiNs67Y+3ylmlG7Lnu+FA==}
    dependencies:
      es5-ext: 0.10.53
      type: 1.2.0
    dev: true

  /debug/2.6.9:
    resolution: {integrity: sha512-bC7ElrdJaJnPbAP+1EotYvqZsb3ecl5wi6Bfi6BJTUcNowp6cvspg0jXznRTKDjm/E7AdgFBVeAPVMNcKGsHMA==}
    dependencies:
      ms: 2.0.0
    dev: false

  /debug/4.3.2:
    resolution: {integrity: sha512-mOp8wKcvj7XxC78zLgw/ZA+6TSgkoE2C/ienthhRD298T7UNwAg9diBpLRxC0mOezLl4B0xV7M0cCO6P/O0Xhw==}
    engines: {node: '>=6.0'}
    peerDependencies:
      supports-color: '*'
    peerDependenciesMeta:
      supports-color:
        optional: true
    dependencies:
      ms: 2.1.2
    dev: false

  /decamelize/1.2.0:
    resolution: {integrity: sha1-9lNNFRSCabIDUue+4m9QH5oZEpA=}
    engines: {node: '>=0.10.0'}

  /depd/1.1.2:
    resolution: {integrity: sha1-m81S4UwJd2PnSbJ0xDRu0uVgtak=}
    engines: {node: '>= 0.6'}
    dev: false

  /destroy/1.0.4:
    resolution: {integrity: sha1-l4hXRCxEdJ5CBmE+N5RiBYJqvYA=}
    dev: false

  /doctypes/1.1.0:
    resolution: {integrity: sha1-6oCxBqh1OHdOijpKWv4pPeSJ4Kk=}
    dev: false

  /dottie/2.0.2:
    resolution: {integrity: sha512-fmrwR04lsniq/uSr8yikThDTrM7epXHBAAjH9TbeH3rEA8tdCO7mRzB9hdmdGyJCxF8KERo9CITcm3kGuoyMhg==}
    dev: false

  /editorconfig/0.15.3:
    resolution: {integrity: sha512-M9wIMFx96vq0R4F+gRpY3o2exzb8hEj/n9S8unZtHSvYjibBp/iMufSzvmOcV/laG0ZtuTVGtiJggPOSW2r93g==}
    hasBin: true
    dependencies:
      commander: 2.20.3
      lru-cache: 4.1.5
      semver: 5.7.1
      sigmund: 1.0.1
    dev: true

  /ee-first/1.1.1:
    resolution: {integrity: sha1-WQxhFWsK4vTwJVcyoViyZrxWsh0=}
    dev: false

  /emoji-regex/7.0.3:
    resolution: {integrity: sha512-CwBLREIQ7LvYFB0WyRvwhq5N5qPhc6PMjD6bYggFlI5YyDgl+0vxq5VHbMOFqLg7hfWzmu8T5Z1QofhmTIhItA==}
    dev: true

  /encodeurl/1.0.2:
    resolution: {integrity: sha1-rT/0yG7C0CkyL1oCw6mmBslbP1k=}
    engines: {node: '>= 0.8'}
    dev: false

  /es5-ext/0.10.53:
    resolution: {integrity: sha512-Xs2Stw6NiNHWypzRTY1MtaG/uJlwCk8kH81920ma8mvN8Xq1gsfhZvpkImLQArw8AHnv8MT2I45J3c0R8slE+Q==}
    dependencies:
      es6-iterator: 2.0.3
      es6-symbol: 3.1.3
      next-tick: 1.0.0
    dev: true

  /es6-iterator/2.0.3:
    resolution: {integrity: sha1-p96IkUGgWpSwhUQDstCg+/qY87c=}
    dependencies:
      d: 1.0.1
      es5-ext: 0.10.53
      es6-symbol: 3.1.3
    dev: true

  /es6-symbol/3.1.3:
    resolution: {integrity: sha512-NJ6Yn3FuDinBaBRWl/q5X/s4koRHBrgKAu+yGI6JCBeiu3qrcbJhwT2GeR/EXVfylRk8dpQVJoLEFhK+Mu31NA==}
    dependencies:
      d: 1.0.1
      ext: 1.5.0
    dev: true

  /es6-weak-map/2.0.3:
    resolution: {integrity: sha512-p5um32HOTO1kP+w7PRnB+5lQ43Z6muuMuIMffvDN8ZB4GcnjLBV6zGStpbASIMk4DCAvEaamhe2zhyCb/QXXsA==}
    dependencies:
      d: 1.0.1
      es5-ext: 0.10.53
      es6-iterator: 2.0.3
      es6-symbol: 3.1.3
    dev: true

  /escape-html/1.0.3:
    resolution: {integrity: sha1-Aljq5NPQwJdN4cFpGI7wBR0dGYg=}
    dev: false

  /esutils/2.0.3:
    resolution: {integrity: sha512-kVscqXk4OCp68SZ0dkgEKVi6/8ij300KBWTJq32P/dYeWTSwK41WyTxalN1eRmA5Z9UU/LX9D7FWSmV9SAYx6g==}
    engines: {node: '>=0.10.0'}
    dev: false

  /etag/1.8.1:
    resolution: {integrity: sha1-Qa4u62XvpiJorr/qg6x9eSmbCIc=}
    engines: {node: '>= 0.6'}
    dev: false

  /event-emitter/0.3.5:
    resolution: {integrity: sha1-34xp7vFkeSPHFXuc6DhAYQsCzDk=}
    dependencies:
      d: 1.0.1
      es5-ext: 0.10.53
    dev: true

  /express/4.16.4:
    resolution: {integrity: sha512-j12Uuyb4FMrd/qQAm6uCHAkPtO8FDTRJZBDd5D2KOL2eLaz1yUNdUB/NOIyq0iU4q4cFarsUCrnFDPBcnksuOg==}
    engines: {node: '>= 0.10.0'}
    dependencies:
      accepts: 1.3.7
      array-flatten: 1.1.1
      body-parser: 1.18.3
      content-disposition: 0.5.2
      content-type: 1.0.4
      cookie: 0.3.1
      cookie-signature: 1.0.6
      debug: 2.6.9
      depd: 1.1.2
      encodeurl: 1.0.2
      escape-html: 1.0.3
      etag: 1.8.1
      finalhandler: 1.1.1
      fresh: 0.5.2
      merge-descriptors: 1.0.1
      methods: 1.1.2
      on-finished: 2.3.0
      parseurl: 1.3.3
      path-to-regexp: 0.1.7
      proxy-addr: 2.0.7
      qs: 6.5.2
      range-parser: 1.2.1
      safe-buffer: 5.1.2
      send: 0.16.2
      serve-static: 1.13.2
      setprototypeof: 1.1.0
      statuses: 1.4.0
      type-is: 1.6.18
      utils-merge: 1.0.1
      vary: 1.1.2
    dev: false

  /ext/1.5.0:
    resolution: {integrity: sha512-+ONcYoWj/SoQwUofMr94aGu05Ou4FepKi7N7b+O8T4jVfyIsZQV1/xeS8jpaBzF0csAk0KLXoHCxU7cKYZjo1Q==}
    dependencies:
      type: 2.5.0
    dev: true

  /finalhandler/1.1.1:
    resolution: {integrity: sha512-Y1GUDo39ez4aHAw7MysnUD5JzYX+WaIj8I57kO3aEPT1fFRL4sr7mjei97FgnwhAyyzRYmQZaTHb2+9uZ1dPtg==}
    engines: {node: '>= 0.8'}
    dependencies:
      debug: 2.6.9
      encodeurl: 1.0.2
      escape-html: 1.0.3
      on-finished: 2.3.0
      parseurl: 1.3.3
      statuses: 1.4.0
      unpipe: 1.0.0
    dev: false

  /find-up/3.0.0:
    resolution: {integrity: sha512-1yD6RmLI1XBfxugvORwlck6f75tYL+iR0jqwsOrOxMZyGYqUuDhJ0l4AXdO1iX/FTs9cBAMEk1gWSEx1kSbylg==}
    engines: {node: '>=6'}
    dependencies:
      locate-path: 3.0.0
    dev: true

  /forwarded/0.2.0:
    resolution: {integrity: sha512-buRG0fpBtRHSTCOASe6hD258tEubFoRLb4ZNA6NxMVHNw2gOcwHo9wyablzMzOA5z9xA9L1KNjk/Nt6MT9aYow==}
    engines: {node: '>= 0.6'}
    dev: false

  /fresh/0.5.2:
    resolution: {integrity: sha1-PYyt2Q2XZWn6g1qx+OSyOhBWBac=}
    engines: {node: '>= 0.6'}
    dev: false

  /fs-extra/7.0.1:
    resolution: {integrity: sha512-YJDaCJZEnBmcbw13fvdAM9AwNOJwOzrE4pqMqBq5nFiEqXUqHwlK4B+3pUw6JNvfSPtX05xFHtYy/1ni01eGCw==}
    engines: {node: '>=6 <7 || >=8'}
    dependencies:
      graceful-fs: 4.2.8
      jsonfile: 4.0.0
      universalify: 0.1.2
    dev: true

  /fs.realpath/1.0.0:
    resolution: {integrity: sha1-FQStJSMVjKpA20onh8sBQRmU6k8=}
    dev: true

  /function-bind/1.1.1:
    resolution: {integrity: sha512-yIovAzMX49sF8Yl58fSCWJ5svSLuaibPxXQJFLmBObTuCr0Mf1KiPopGM9NiFjiYBCbfaa2Fh6breQ6ANVTI0A==}

  /get-caller-file/2.0.5:
    resolution: {integrity: sha512-DyFP3BM/3YHTQOCUL/w0OZHR0lpKeGrxotcHWcqNEdnltqFwXVfhEBQ94eIo34AfQpo0rGki4cyIiftY06h2Fg==}
    engines: {node: 6.* || 8.* || >= 10.*}
    dev: true

  /get-intrinsic/1.1.1:
    resolution: {integrity: sha512-kWZrnVM42QCiEA2Ig1bG8zjoIMOgxWwYCEeNdwY6Tv/cOSeGpcoX4pXHfKUxNKVoArnrEr2e9srnAxxGIraS9Q==}
    dependencies:
      function-bind: 1.1.1
      has: 1.0.3
      has-symbols: 1.0.2
    dev: false

  /glob/7.1.7:
    resolution: {integrity: sha512-OvD9ENzPLbegENnYP5UUfJIirTg4+XwMWGaQfQTY0JenxNvvIKP3U3/tAQSPIu/lHxXYSZmpXlUHeqAIdKzBLQ==}
    dependencies:
      fs.realpath: 1.0.0
      inflight: 1.0.6
      inherits: 2.0.3
      minimatch: 3.0.4
      once: 1.4.0
      path-is-absolute: 1.0.1
    dev: true

  /graceful-fs/4.2.8:
    resolution: {integrity: sha512-qkIilPUYcNhJpd33n0GBXTB1MMPp14TxEsEs0pTrsSVucApsYzW5V+Q8Qxhik6KU3evy+qkAAowTByymK0avdg==}
    dev: true

  /graceful-readlink/1.0.1:
    resolution: {integrity: sha1-TK+tdrxi8C+gObL5Tpo906ORpyU=}
    dev: false

  /has-symbols/1.0.2:
    resolution: {integrity: sha512-chXa79rL/UC2KlX17jo3vRGz0azaWEx5tGqZg5pO3NUyEJVB17dMruQlzCCOfUvElghKcm5194+BCRvi2Rv/Gw==}
    engines: {node: '>= 0.4'}
    dev: false

  /has-tostringtag/1.0.0:
    resolution: {integrity: sha512-kFjcSNhnlGV1kyoGk7OXKSawH5JOb/LzUc5w9B02hOTO0dfFRjbHQKvg1d6cf3HbeUmtU9VbbV3qzZ2Teh97WQ==}
    engines: {node: '>= 0.4'}
    dependencies:
      has-symbols: 1.0.2
    dev: false

  /has/1.0.3:
    resolution: {integrity: sha512-f2dvO0VU6Oej7RkWJGrehjbzMAjFp5/VKPp5tTpWIV4JHHZK1/BxbFRtf/siA2SWTe09caDmVtYYzWEIbBS4zw==}
    engines: {node: '>= 0.4.0'}
    dependencies:
      function-bind: 1.1.1

  /http-errors/1.6.3:
    resolution: {integrity: sha1-i1VoC7S+KDoLW/TqLjhYC+HZMg0=}
    engines: {node: '>= 0.6'}
    dependencies:
      depd: 1.1.2
      inherits: 2.0.3
      setprototypeof: 1.1.0
      statuses: 1.5.0
    dev: false

  /iconv-lite/0.4.23:
    resolution: {integrity: sha512-neyTUVFtahjf0mB3dZT77u+8O0QB89jFdnBkd5P1JgYPbPaia3gXXOVL2fq8VyU2gMMD7SaN7QukTB/pmXYvDA==}
    engines: {node: '>=0.10.0'}
    dependencies:
      safer-buffer: 2.1.2
    dev: false

  /inflection/1.13.1:
    resolution: {integrity: sha512-dldYtl2WlN0QDkIDtg8+xFwOS2Tbmp12t1cHa5/YClU6ZQjTFm7B66UcVbh9NQB+HvT5BAd2t5+yKsBkw5pcqA==}
    engines: {'0': node >= 0.4.0}
    dev: false

  /inflight/1.0.6:
    resolution: {integrity: sha1-Sb1jMdfQLQwJvJEKEHW6gWW1bfk=}
    dependencies:
      once: 1.4.0
      wrappy: 1.0.2
    dev: true

  /inherits/2.0.3:
    resolution: {integrity: sha1-Yzwsg+PaQqUC9SRmAiSA9CCCYd4=}

  /ini/1.3.8:
    resolution: {integrity: sha512-JV/yugV2uzW5iMRSiZAyDtQd+nxtUnjeLt0acNdw98kKLrvuRVyB80tsREOE7yvGVgalhZ6RNXCmEHkUKBKxew==}
    dev: true

  /ipaddr.js/1.9.1:
    resolution: {integrity: sha512-0KI/607xoxSToH7GjN1FfSbLoU0+btTicjsQSWQlh/hZykN8KpmMf7uYwPW3R+akZ6R/w18ZlXSHBYXiYUPO3g==}
    engines: {node: '>= 0.10'}
    dev: false

  /is-buffer/1.1.6:
    resolution: {integrity: sha512-NcdALwpXkTm5Zvvbk7owOUSvVvBKDgKP5/ewfXEznmQFfs4ZRmanOeKBTjRVjka3QFoN6XJ+9F3USqfHqTaU5w==}
    dev: false

  /is-core-module/2.6.0:
    resolution: {integrity: sha512-wShG8vs60jKfPWpF2KZRaAtvt3a20OAn7+IJ6hLPECpSABLcKtFKTTI4ZtH5QcBruBHlq+WsdHWyz0BCZW7svQ==}
    dependencies:
      has: 1.0.3

  /is-expression/3.0.0:
    resolution: {integrity: sha1-Oayqa+f9HzRx3ELHQW5hwkMXrJ8=}
    dependencies:
      acorn: 4.0.13
      object-assign: 4.1.1
    dev: false

  /is-fullwidth-code-point/2.0.0:
    resolution: {integrity: sha1-o7MKXE8ZkYMWeqq5O+764937ZU8=}
    engines: {node: '>=4'}
    dev: true

  /is-promise/2.2.2:
    resolution: {integrity: sha512-+lP4/6lKUBfQjZ2pdxThZvLUAafmZb8OAxFb8XXtiQmS35INgr85hdOGoEs124ez1FCnZJt6jau/T+alh58QFQ==}

  /is-regex/1.1.4:
    resolution: {integrity: sha512-kvRdxDsxZjhzUX07ZnLydzS1TU/TJlTUHHY4YLL87e37oUA49DfkLqgy+VjFocowy29cKvcSiu+kIv728jTTVg==}
    engines: {node: '>= 0.4'}
    dependencies:
      call-bind: 1.0.2
      has-tostringtag: 1.0.0
    dev: false

  /js-beautify/1.14.0:
    resolution: {integrity: sha512-yuck9KirNSCAwyNJbqW+BxJqJ0NLJ4PwBUzQQACl5O3qHMBXVkXb/rD0ilh/Lat/tn88zSZ+CAHOlk0DsY7GuQ==}
    engines: {node: '>=10'}
    hasBin: true
    dependencies:
      config-chain: 1.1.13
      editorconfig: 0.15.3
      glob: 7.1.7
      nopt: 5.0.0
    dev: true

  /js-stringify/1.0.2:
    resolution: {integrity: sha1-Fzb939lyTyijaCrcYjCufk6Weds=}
    dev: false

  /jsonfile/4.0.0:
    resolution: {integrity: sha1-h3Gq4HmbZAdrdmQPygWPnBDjPss=}
    optionalDependencies:
      graceful-fs: 4.2.8
    dev: true

  /jstransformer/1.0.0:
    resolution: {integrity: sha1-7Yvwkh4vPx7U1cGkT2hwntJHIsM=}
    dependencies:
      is-promise: 2.2.2
      promise: 7.3.1
    dev: false

  /kind-of/3.2.2:
    resolution: {integrity: sha1-MeohpzS6ubuw8yRm2JOupR5KPGQ=}
    engines: {node: '>=0.10.0'}
    dependencies:
      is-buffer: 1.1.6
    dev: false

  /lazy-cache/1.0.4:
    resolution: {integrity: sha1-odePw6UEdMuAhF07O24dpJpEbo4=}
    engines: {node: '>=0.10.0'}
    dev: false

  /locate-path/3.0.0:
    resolution: {integrity: sha512-7AO748wWnIhNqAuaty2ZWHkQHRSNfPVIsPIfwEOWO22AmaoVrWavlOcMR5nzTLNYvp36X220/maaRsrec1G65A==}
    engines: {node: '>=6'}
    dependencies:
      p-locate: 3.0.0
      path-exists: 3.0.0
    dev: true

  /lodash/4.17.21:
    resolution: {integrity: sha512-v2kDEe57lecTulaDIuNTPy3Ry4gLGJ6Z1O3vE1krgXZNrsQ+LFTGHVxVjcXPs17LhbZVGedAJv8XZ1tvj5FvSg==}

  /longest/1.0.1:
    resolution: {integrity: sha1-MKCy2jj3N3DoKUoNIuZiXtd9AJc=}
    engines: {node: '>=0.10.0'}
    dev: false

  /lru-cache/4.1.5:
    resolution: {integrity: sha512-sWZlbEP2OsHNkXrMl5GYk/jKk70MBng6UU4YI/qGDYbgf6YbP4EvmqISbXCoJiRKs+1bSpFHVgQxvJ17F2li5g==}
    dependencies:
      pseudomap: 1.0.2
      yallist: 2.1.2
    dev: true

  /lru-cache/6.0.0:
    resolution: {integrity: sha512-Jo6dJ04CmSjuznwJSS3pUeWmd/H0ffTlkXXgwZi+eq1UCmqQwCh+eLsYOYCwY991i2Fah4h1BEMCx4qThGbsiA==}
    engines: {node: '>=10'}
    dependencies:
      yallist: 4.0.0
    dev: false

  /lru-queue/0.1.0:
    resolution: {integrity: sha1-Jzi9nw089PhEkMVzbEhpmsYyzaM=}
    dependencies:
      es5-ext: 0.10.53
    dev: true

  /media-typer/0.3.0:
    resolution: {integrity: sha1-hxDXrwqmJvj/+hzgAWhUUmMlV0g=}
    engines: {node: '>= 0.6'}
    dev: false

  /memoizee/0.4.15:
    resolution: {integrity: sha512-UBWmJpLZd5STPm7PMUlOw/TSy972M+z8gcyQ5veOnSDRREz/0bmpyTfKt3/51DhEBqCZQn1udM/5flcSPYhkdQ==}
    dependencies:
      d: 1.0.1
      es5-ext: 0.10.53
      es6-weak-map: 2.0.3
      event-emitter: 0.3.5
      is-promise: 2.2.2
      lru-queue: 0.1.0
      next-tick: 1.1.0
      timers-ext: 0.1.7
    dev: true

  /merge-descriptors/1.0.1:
    resolution: {integrity: sha1-sAqqVW3YtEVoFQ7J0blT8/kMu2E=}
    dev: false

  /methods/1.1.2:
    resolution: {integrity: sha1-VSmk1nZUE07cxSZmVoNbD4Ua/O4=}
    engines: {node: '>= 0.6'}
    dev: false

  /mime-db/1.49.0:
    resolution: {integrity: sha512-CIc8j9URtOVApSFCQIF+VBkX1RwXp/oMMOrqdyXSBXq5RWNEsRfyj1kiRnQgmNXmHxPoFIxOroKA3zcU9P+nAA==}
    engines: {node: '>= 0.6'}
    dev: false

  /mime-types/2.1.32:
    resolution: {integrity: sha512-hJGaVS4G4c9TSMYh2n6SQAGrC4RnfU+daP8G7cSCmaqNjiOoUY0VHCMS42pxnQmVF1GWwFhbHWn3RIxCqTmZ9A==}
    engines: {node: '>= 0.6'}
    dependencies:
      mime-db: 1.49.0
    dev: false

  /mime/1.4.1:
    resolution: {integrity: sha512-KI1+qOZu5DcW6wayYHSzR/tXKCDC5Om4s1z2QJjDULzLcmf3DvzS7oluY4HCTrc+9FiKmWUgeNLg7W3uIQvxtQ==}
    hasBin: true
    dev: false

  /minimatch/3.0.4:
    resolution: {integrity: sha512-yJHVQEhyqPLUTgt9B83PXu6W3rx4MvvHvSUvToogpwoGDOUQ+yDrR0HRot+yOCdCO7u4hX3pWft6kWBBcqh0UA==}
    dependencies:
      brace-expansion: 1.1.11
    dev: true

  /moment-timezone/0.5.33:
    resolution: {integrity: sha512-PTc2vcT8K9J5/9rDEPe5czSIKgLoGsH8UNpA4qZTVw0Vd/Uz19geE9abbIOQKaAQFcnQ3v5YEXrbSc5BpshH+w==}
    dependencies:
      moment: 2.29.1
    dev: false

  /moment/2.29.1:
    resolution: {integrity: sha512-kHmoybcPV8Sqy59DwNDY3Jefr64lK/by/da0ViFcuA4DH0vQg5Q6Ze5VimxkfQNSC+Mls/Kx53s7TjP1RhFEDQ==}
    dev: false

  /morgan/1.9.1:
    resolution: {integrity: sha512-HQStPIV4y3afTiCYVxirakhlCfGkI161c76kKFca7Fk1JusM//Qeo1ej2XaMniiNeaZklMVrh3vTtIzpzwbpmA==}
    engines: {node: '>= 0.8.0'}
    dependencies:
      basic-auth: 2.0.1
      debug: 2.6.9
      depd: 1.1.2
      on-finished: 2.3.0
      on-headers: 1.0.2
    dev: false

  /ms/2.0.0:
    resolution: {integrity: sha1-VgiurfwAvmwpAd9fmGF4jeDVl8g=}
    dev: false

  /ms/2.1.2:
    resolution: {integrity: sha512-sGkPx+VjMtmA6MX27oA4FBFELFCZZ4S4XqeGOXCv68tT+jb3vk/RyaKWP0PTKyWtmLSM0b+adUTEvbs1PEaH2w==}
    dev: false

  /negotiator/0.6.2:
    resolution: {integrity: sha512-hZXc7K2e+PgeI1eDBe/10Ard4ekbfrrqG8Ep+8Jmf4JID2bNg7NvCPOZN+kfF574pFQI7mum2AUqDidoKqcTOw==}
    engines: {node: '>= 0.6'}
    dev: false

  /next-tick/1.0.0:
    resolution: {integrity: sha1-yobR/ogoFpsBICCOPchCS524NCw=}
    dev: true

  /next-tick/1.1.0:
    resolution: {integrity: sha512-CXdUiJembsNjuToQvxayPZF9Vqht7hewsvy2sOWafLvi2awflj9mOC6bHIg50orX8IJvWKY9wYQ/zB2kogPslQ==}
    dev: true

  /nopt/5.0.0:
    resolution: {integrity: sha512-Tbj67rffqceeLpcRXrT7vKAN8CwfPeIBgM7E6iBkmKLV7bEMwpGgYLGv0jACUsECaa/vuxP0IjEont6umdMgtQ==}
    engines: {node: '>=6'}
    hasBin: true
    dependencies:
      abbrev: 1.1.1
    dev: true

  /object-assign/4.1.1:
    resolution: {integrity: sha1-IQmtx5ZYh8/AXLvUQsrIv7s2CGM=}
    engines: {node: '>=0.10.0'}
    dev: false

  /on-finished/2.3.0:
    resolution: {integrity: sha1-IPEzZIGwg811M3mSoWlxqi2QaUc=}
    engines: {node: '>= 0.8'}
    dependencies:
      ee-first: 1.1.1
    dev: false

  /on-headers/1.0.2:
    resolution: {integrity: sha512-pZAE+FJLoyITytdqK0U5s+FIpjN0JP3OzFi/u8Rx+EV5/W+JTWGXG8xFzevE7AjBfDqHv/8vL8qQsIhHnqRkrA==}
    engines: {node: '>= 0.8'}
    dev: false

  /once/1.4.0:
    resolution: {integrity: sha1-WDsap3WWHUsROsF9nFC6753Xa9E=}
    dependencies:
      wrappy: 1.0.2
    dev: true

  /p-limit/2.3.0:
    resolution: {integrity: sha512-//88mFWSJx8lxCzwdAABTJL2MyWB12+eIY7MDL2SqLmAkeKU9qxRvWuSyTjm3FUmpBEMuFfckAIqEaVGUDxb6w==}
    engines: {node: '>=6'}
    dependencies:
      p-try: 2.2.0
    dev: true

  /p-locate/3.0.0:
    resolution: {integrity: sha512-x+12w/To+4GFfgJhBEpiDcLozRJGegY+Ei7/z0tSLkMmxGZNybVMSfWj9aJn8Z5Fc7dBUNJOOVgPv2H7IwulSQ==}
    engines: {node: '>=6'}
    dependencies:
      p-limit: 2.3.0
    dev: true

  /p-try/2.2.0:
    resolution: {integrity: sha512-R4nPAVTAU0B9D35/Gk3uJf/7XYbQcyohSKdvAxIRSNghFl4e71hVoGnBNQz9cWaXxO2I10KTC+3jMdvvoKw6dQ==}
    engines: {node: '>=6'}
    dev: true

  /packet-reader/1.0.0:
    resolution: {integrity: sha512-HAKu/fG3HpHFO0AA8WE8q2g+gBJaZ9MG7fcKk+IJPLTGAD6Psw4443l+9DGRbOIh3/aXr7Phy0TjilYivJo5XQ==}
    dev: false

  /parseurl/1.3.3:
    resolution: {integrity: sha512-CiyeOxFT/JZyN5m0z9PfXw4SCBJ6Sygz1Dpl0wqjlhDEGGBP1GnsUVEL0p63hoG1fcj3fHynXi9NYO4nWOL+qQ==}
    engines: {node: '>= 0.8'}
    dev: false

  /path-exists/3.0.0:
    resolution: {integrity: sha1-zg6+ql94yxiSXqfYENe1mwEP1RU=}
    engines: {node: '>=4'}
    dev: true

  /path-is-absolute/1.0.1:
    resolution: {integrity: sha1-F0uSaHNVNP+8es5r9TpanhtcX18=}
    engines: {node: '>=0.10.0'}
    dev: true

  /path-parse/1.0.7:
    resolution: {integrity: sha512-LDJzPVEEEPR+y48z93A0Ed0yXb8pAByGWo/k5YYdYgpY2/2EsOsksJrq7lOHxryrVOn1ejG6oAp8ahvOIQD8sw==}

  /path-to-regexp/0.1.7:
    resolution: {integrity: sha1-32BBeABfUi8V60SQ5yR6G/qmf4w=}
    dev: false

  /pg-connection-string/2.5.0:
    resolution: {integrity: sha512-r5o/V/ORTA6TmUnyWZR9nCj1klXCO2CEKNRlVuJptZe85QuhFayC7WeMic7ndayT5IRIR0S0xFxFi2ousartlQ==}
    dev: false

  /pg-hstore/2.3.4:
    resolution: {integrity: sha512-N3SGs/Rf+xA1M2/n0JBiXFDVMzdekwLZLAO0g7mpDY9ouX+fDI7jS6kTq3JujmYbtNSJ53TJ0q4G98KVZSM4EA==}
    engines: {node: '>= 0.8.x'}
    dependencies:
      underscore: 1.13.1
    dev: false

  /pg-int8/1.0.1:
    resolution: {integrity: sha512-WCtabS6t3c8SkpDBUlb1kjOs7l66xsGdKpIPZsg4wR+B3+u9UAum2odSsF9tnvxg80h4ZxLWMy4pRjOsFIqQpw==}
    engines: {node: '>=4.0.0'}
    dev: false

  /pg-pool/3.4.1_pg@8.7.1:
    resolution: {integrity: sha512-TVHxR/gf3MeJRvchgNHxsYsTCHQ+4wm3VIHSS19z8NC0+gioEhq1okDY1sm/TYbfoP6JLFx01s0ShvZ3puP/iQ==}
    peerDependencies:
      pg: '>=8.0'
    dependencies:
      pg: 8.7.1
    dev: false

  /pg-protocol/1.5.0:
    resolution: {integrity: sha512-muRttij7H8TqRNu/DxrAJQITO4Ac7RmX3Klyr/9mJEOBeIpgnF8f9jAfRz5d3XwQZl5qBjF9gLsUtMPJE0vezQ==}
    dev: false

  /pg-types/2.2.0:
    resolution: {integrity: sha512-qTAAlrEsl8s4OiEQY69wDvcMIdQN6wdz5ojQiOy6YRMuynxenON0O5oCpJI6lshc6scgAY8qvJ2On/p+CXY0GA==}
    engines: {node: '>=4'}
    dependencies:
      pg-int8: 1.0.1
      postgres-array: 2.0.0
      postgres-bytea: 1.0.0
      postgres-date: 1.0.7
      postgres-interval: 1.2.0
    dev: false

  /pg/8.7.1:
    resolution: {integrity: sha512-7bdYcv7V6U3KAtWjpQJJBww0UEsWuh4yQ/EjNf2HeO/NnvKjpvhEIe/A/TleP6wtmSKnUnghs5A9jUoK6iDdkA==}
    engines: {node: '>= 8.0.0'}
    peerDependencies:
      pg-native: '>=2.0.0'
    peerDependenciesMeta:
      pg-native:
        optional: true
    dependencies:
      buffer-writer: 2.0.0
      packet-reader: 1.0.0
      pg-connection-string: 2.5.0
      pg-pool: 3.4.1_pg@8.7.1
      pg-protocol: 1.5.0
      pg-types: 2.2.0
      pgpass: 1.0.4
    dev: false

  /pgpass/1.0.4:
    resolution: {integrity: sha512-YmuA56alyBq7M59vxVBfPJrGSozru8QAdoNlWuW3cz8l+UX3cWge0vTvjKhsSHSJpo3Bom8/Mm6hf0TR5GY0+w==}
    dependencies:
      split2: 3.2.2
    dev: false

  /postgres-array/2.0.0:
    resolution: {integrity: sha512-VpZrUqU5A69eQyW2c5CA1jtLecCsN2U/bD6VilrFDWq5+5UIEVO7nazS3TEcHf1zuPYO/sqGvUvW62g86RXZuA==}
    engines: {node: '>=4'}
    dev: false

  /postgres-bytea/1.0.0:
    resolution: {integrity: sha1-AntTPAqokOJtFy1Hz5zOzFIazTU=}
    engines: {node: '>=0.10.0'}
    dev: false

  /postgres-date/1.0.7:
    resolution: {integrity: sha512-suDmjLVQg78nMK2UZ454hAG+OAW+HQPZ6n++TNDUX+L0+uUlLywnoxJKDou51Zm+zTCjrCl0Nq6J9C5hP9vK/Q==}
    engines: {node: '>=0.10.0'}
    dev: false

  /postgres-interval/1.2.0:
    resolution: {integrity: sha512-9ZhXKM/rw350N1ovuWHbGxnGh/SNJ4cnxHiM0rxE4VN41wsg8P8zWn9hv/buK00RP4WvlOyr/RBDiptyxVbkZQ==}
    engines: {node: '>=0.10.0'}
    dependencies:
      xtend: 4.0.2
    dev: false

  /promise/7.3.1:
    resolution: {integrity: sha512-nolQXZ/4L+bP/UGlkfaIujX9BKxGwmQ9OT4mOt5yvy8iK1h3wqTEJCijzGANTCCl9nWjY41juyAn2K3Q1hLLTg==}
    dependencies:
      asap: 2.0.6
    dev: false

  /proto-list/1.2.4:
    resolution: {integrity: sha1-IS1b/hMYMGpCD2QCuOJv85ZHqEk=}
    dev: true

  /proxy-addr/2.0.7:
    resolution: {integrity: sha512-llQsMLSUDUPT44jdrU/O37qlnifitDP+ZwrmmZcoSKyLKvtZxpyV0n2/bD/N4tBAAZ/gJEdZU7KMraoK1+XYAg==}
    engines: {node: '>= 0.10'}
    dependencies:
      forwarded: 0.2.0
      ipaddr.js: 1.9.1
    dev: false

  /pseudomap/1.0.2:
    resolution: {integrity: sha1-8FKijacOYYkX7wqKw0wa5aaChrM=}
    dev: true

  /pug-attrs/2.0.4:
    resolution: {integrity: sha512-TaZ4Z2TWUPDJcV3wjU3RtUXMrd3kM4Wzjbe3EWnSsZPsJ3LDI0F3yCnf2/W7PPFF+edUFQ0HgDL1IoxSz5K8EQ==}
    dependencies:
      constantinople: 3.1.2
      js-stringify: 1.0.2
      pug-runtime: 2.0.5
    dev: false

  /pug-code-gen/1.1.1:
    resolution: {integrity: sha1-HPcnRO8qA56uajNAyqoRBYcSWOg=}
    dependencies:
      constantinople: 3.1.2
      doctypes: 1.1.0
      js-stringify: 1.0.2
      pug-attrs: 2.0.4
      pug-error: 1.3.3
      pug-runtime: 2.0.5
      void-elements: 2.0.1
      with: 5.1.1
    dev: false

  /pug-error/1.3.3:
    resolution: {integrity: sha512-qE3YhESP2mRAWMFJgKdtT5D7ckThRScXRwkfo+Erqga7dyJdY3ZquspprMCj/9sJ2ijm5hXFWQE/A3l4poMWiQ==}
    dev: false

  /pug-filters/2.1.5:
    resolution: {integrity: sha512-xkw71KtrC4sxleKiq+cUlQzsiLn8pM5+vCgkChW2E6oNOzaqTSIBKIQ5cl4oheuDzvJYCTSYzRaVinMUrV4YLQ==}
    dependencies:
      clean-css: 3.4.28
      constantinople: 3.1.2
      jstransformer: 1.0.0
      pug-error: 1.3.3
      pug-walk: 1.1.8
      resolve: 1.20.0
      uglify-js: 2.8.29
    dev: false

  /pug-lexer/3.1.0:
    resolution: {integrity: sha1-/QhzdtSmdbT1n4/vQiiDQ06VgaI=}
    dependencies:
      character-parser: 2.2.0
      is-expression: 3.0.0
      pug-error: 1.3.3
    dev: false

  /pug-linker/2.0.3:
    resolution: {integrity: sha1-szH/olc33eacEntWwQ/xf652bco=}
    dependencies:
      pug-error: 1.3.3
      pug-walk: 1.1.8
    dev: false

  /pug-load/2.0.12:
    resolution: {integrity: sha512-UqpgGpyyXRYgJs/X60sE6SIf8UBsmcHYKNaOccyVLEuT6OPBIMo6xMPhoJnqtB3Q3BbO4Z3Bjz5qDsUWh4rXsg==}
    dependencies:
      object-assign: 4.1.1
      pug-walk: 1.1.8
    dev: false

  /pug-parser/2.0.2:
    resolution: {integrity: sha1-U6aAz9BQOdywwn0CkJS8SnkmibA=}
    dependencies:
      pug-error: 1.3.3
      token-stream: 0.0.1
    dev: false

  /pug-runtime/2.0.5:
    resolution: {integrity: sha512-P+rXKn9un4fQY77wtpcuFyvFaBww7/91f3jHa154qU26qFAnOe6SW1CbIDcxiG5lLK9HazYrMCCuDvNgDQNptw==}
    dev: false

  /pug-strip-comments/1.0.4:
    resolution: {integrity: sha512-i5j/9CS4yFhSxHp5iKPHwigaig/VV9g+FgReLJWWHEHbvKsbqL0oP/K5ubuLco6Wu3Kan5p7u7qk8A4oLLh6vw==}
    dependencies:
      pug-error: 1.3.3
    dev: false

  /pug-walk/1.1.8:
    resolution: {integrity: sha512-GMu3M5nUL3fju4/egXwZO0XLi6fW/K3T3VTgFQ14GxNi8btlxgT5qZL//JwZFm/2Fa64J/PNS8AZeys3wiMkVA==}
    dev: false

  /pug/2.0.0-beta11:
    resolution: {integrity: sha1-Favmr1AEx+LPRhPksnRlyVRrXwE=}
    dependencies:
      pug-code-gen: 1.1.1
      pug-filters: 2.1.5
      pug-lexer: 3.1.0
      pug-linker: 2.0.3
      pug-load: 2.0.12
      pug-parser: 2.0.2
      pug-runtime: 2.0.5
      pug-strip-comments: 1.0.4
    dev: false

  /qs/6.5.2:
    resolution: {integrity: sha512-N5ZAX4/LxJmF+7wN74pUD6qAh9/wnvdQcjq9TZjevvXzSUo7bfmw91saqMjzGS2xq91/odN2dW/WOl7qQHNDGA==}
    engines: {node: '>=0.6'}
    dev: false

  /range-parser/1.2.1:
    resolution: {integrity: sha512-Hrgsx+orqoygnmhFbKaHE6c296J+HTAQXoxEF6gNupROmmGJRoyzfG3ccAveqCBrwr/2yxQ5BVd/GTl5agOwSg==}
    engines: {node: '>= 0.6'}
    dev: false

  /raw-body/2.3.3:
    resolution: {integrity: sha512-9esiElv1BrZoI3rCDuOuKCBRbuApGGaDPQfjSflGxdy4oyzqghxu6klEkkVIvBje+FF0BX9coEv8KqW6X/7njw==}
    engines: {node: '>= 0.8'}
    dependencies:
      bytes: 3.0.0
      http-errors: 1.6.3
      iconv-lite: 0.4.23
      unpipe: 1.0.0
    dev: false

  /readable-stream/3.6.0:
    resolution: {integrity: sha512-BViHy7LKeTz4oNnkcLJ+lVSL6vpiFeX6/d3oSH8zCW7UxP2onchk+vTGB143xuFjHS3deTgkKoXXymXqymiIdA==}
    engines: {node: '>= 6'}
    dependencies:
      inherits: 2.0.3
      string_decoder: 1.3.0
      util-deprecate: 1.0.2
    dev: false

  /regenerator-runtime/0.11.1:
    resolution: {integrity: sha512-MguG95oij0fC3QV3URf4V2SDYGJhJnJGqvIIgdECeODCT98wSWDAJ94SSuVpYQUoTcGUIL6L4yNB7j1DFFHSBg==}
    dev: false

  /repeat-string/1.6.1:
    resolution: {integrity: sha1-jcrkcOHIirwtYA//Sndihtp15jc=}
    engines: {node: '>=0.10'}
    dev: false

  /require-directory/2.1.1:
    resolution: {integrity: sha1-jGStX9MNqxyXbiNE/+f3kqam30I=}
    engines: {node: '>=0.10.0'}
    dev: true

  /require-main-filename/2.0.0:
    resolution: {integrity: sha512-NKN5kMDylKuldxYLSUfrbo5Tuzh4hd+2E8NPPX02mZtn1VuREQToYe/ZdlJy+J3uCpfaiGF05e7B8W0iXbQHmg==}
    dev: true

  /resolve/1.20.0:
    resolution: {integrity: sha512-wENBPt4ySzg4ybFQW2TT1zMQucPK95HSh/nq2CFTZVOGut2+pQvSsgtda4d26YrYcr067wjbmzOG8byDPBX63A==}
    dependencies:
      is-core-module: 2.6.0
      path-parse: 1.0.7

  /retry-as-promised/3.2.0:
    resolution: {integrity: sha512-CybGs60B7oYU/qSQ6kuaFmRd9sTZ6oXSc0toqePvV74Ac6/IFZSI1ReFQmtCN+uvW1Mtqdwpvt/LGOiCBAY2Mg==}
    dependencies:
      any-promise: 1.3.0
    dev: false

  /right-align/0.1.3:
    resolution: {integrity: sha1-YTObci/mo1FWiSENJOFMlhSGE+8=}
    engines: {node: '>=0.10.0'}
    dependencies:
      align-text: 0.1.4
    dev: false

  /safe-buffer/5.1.2:
    resolution: {integrity: sha512-Gd2UZBJDkXlY7GbJxfsE8/nvKkUEU1G38c1siN6QP6a9PT9MmHB8GnpscSmMJSoF8LOIrt8ud/wPtojys4G6+g==}
    dev: false

  /safe-buffer/5.2.1:
    resolution: {integrity: sha512-rp3So07KcdmmKbGvgaNxQSJr7bGVSVk5S9Eq1F+ppbRo70+YeaDxkw5Dd8NPN+GD6bjnYm2VuPuCXmpuYvmCXQ==}
    dev: false

  /safer-buffer/2.1.2:
    resolution: {integrity: sha512-YZo3K82SD7Riyi0E1EQPojLz7kpepnSQI9IyPbHHg1XXXevb5dJI7tpyN2ADxGcQbHG7vcyRHk0cbwqcQriUtg==}
    dev: false

  /semver/5.7.1:
    resolution: {integrity: sha512-sauaDf/PZdVgrLTNYHRtpXa1iRiKcaebiKQ1BJdpQlWH2lCvexQdX55snPFyK7QzpudqbCI0qXFfOasHdyNDGQ==}
    hasBin: true
    dev: true

  /semver/7.3.5:
    resolution: {integrity: sha512-PoeGJYh8HK4BTO/a9Tf6ZG3veo/A7ZVsYrSA6J8ny9nb3B1VrpkuN+z9OE5wfE5p6H4LchYZsegiQgbJD94ZFQ==}
    engines: {node: '>=10'}
    hasBin: true
    dependencies:
      lru-cache: 6.0.0
    dev: false

  /send/0.16.2:
    resolution: {integrity: sha512-E64YFPUssFHEFBvpbbjr44NCLtI1AohxQ8ZSiJjQLskAdKuriYEP6VyGEsRDH8ScozGpkaX1BGvhanqCwkcEZw==}
    engines: {node: '>= 0.8.0'}
    dependencies:
      debug: 2.6.9
      depd: 1.1.2
      destroy: 1.0.4
      encodeurl: 1.0.2
      escape-html: 1.0.3
      etag: 1.8.1
      fresh: 0.5.2
      http-errors: 1.6.3
      mime: 1.4.1
      ms: 2.0.0
      on-finished: 2.3.0
      range-parser: 1.2.1
      statuses: 1.4.0
    dev: false

  /sequelize-cli/6.2.0:
    resolution: {integrity: sha512-6WQ2x91hg30dUn66mXHnzvHATZ4pyI1GHSNbS/TNN/vRR4BLRSLijadeMgC8zqmKDsL0VqzVVopJWfJakuP++Q==}
    engines: {node: '>=10.0.0'}
    hasBin: true
    dependencies:
      cli-color: 1.4.0
      fs-extra: 7.0.1
      js-beautify: 1.14.0
      lodash: 4.17.21
      resolve: 1.20.0
      umzug: 2.3.0
      yargs: 13.3.2
    dev: true

  /sequelize-pool/6.1.0:
    resolution: {integrity: sha512-4YwEw3ZgK/tY/so+GfnSgXkdwIJJ1I32uZJztIEgZeAO6HMgj64OzySbWLgxj+tXhZCJnzRfkY9gINw8Ft8ZMg==}
    engines: {node: '>= 10.0.0'}
    dev: false

  /sequelize/6.6.5_pg-hstore@2.3.4+pg@8.7.1:
    resolution: {integrity: sha512-QyRrJrDRiwuiILqTMHUA1yWOPIL12KlfmgZ3hnzQwbMvp2vJ6fzu9bYJQB+qPMosck4mBUggY4Cjoc6Et8FBIQ==}
    engines: {node: '>=10.0.0'}
    peerDependencies:
      mariadb: '*'
      mysql2: '*'
      pg: '*'
      pg-hstore: '*'
      sqlite3: '*'
      tedious: '*'
    peerDependenciesMeta:
      mariadb:
        optional: true
      mysql2:
        optional: true
      pg:
        optional: true
      pg-hstore:
        optional: true
      sqlite3:
        optional: true
      tedious:
        optional: true
    dependencies:
      debug: 4.3.2
      dottie: 2.0.2
      inflection: 1.13.1
      lodash: 4.17.21
      moment: 2.29.1
      moment-timezone: 0.5.33
      pg: 8.7.1
      pg-hstore: 2.3.4
      retry-as-promised: 3.2.0
      semver: 7.3.5
      sequelize-pool: 6.1.0
      toposort-class: 1.0.1
      uuid: 8.3.2
      validator: 13.6.0
      wkx: 0.5.0
    transitivePeerDependencies:
      - supports-color
    dev: false

  /serve-static/1.13.2:
    resolution: {integrity: sha512-p/tdJrO4U387R9oMjb1oj7qSMaMfmOyd4j9hOFoxZe2baQszgHcSWjuya/CiT5kgZZKRudHNOA0pYXOl8rQ5nw==}
    engines: {node: '>= 0.8.0'}
    dependencies:
      encodeurl: 1.0.2
      escape-html: 1.0.3
      parseurl: 1.3.3
      send: 0.16.2
    dev: false

  /set-blocking/2.0.0:
    resolution: {integrity: sha1-BF+XgtARrppoA93TgrJDkrPYkPc=}
    dev: true

  /setprototypeof/1.1.0:
    resolution: {integrity: sha512-BvE/TwpZX4FXExxOxZyRGQQv651MSwmWKZGqvmPcRIjDqWub67kTKuIMx43cZZrS/cBBzwBcNDWoFxt2XEFIpQ==}
    dev: false

  /sigmund/1.0.1:
    resolution: {integrity: sha1-P/IfGYytIXX587eBhT/ZTQ0ZtZA=}
    dev: true

  /source-map/0.4.4:
    resolution: {integrity: sha1-66T12pwNyZneaAMti092FzZSA2s=}
    engines: {node: '>=0.8.0'}
    dependencies:
      amdefine: 1.0.1
    dev: false

  /source-map/0.5.7:
    resolution: {integrity: sha1-igOdLRAh0i0eoUyA2OpGi6LvP8w=}
    engines: {node: '>=0.10.0'}
    dev: false

  /split2/3.2.2:
    resolution: {integrity: sha512-9NThjpgZnifTkJpzTZ7Eue85S49QwpNhZTq6GRJwObb6jnLFNGB7Qm73V5HewTROPyxD0C29xqmaI68bQtV+hg==}
    dependencies:
      readable-stream: 3.6.0
    dev: false

  /statuses/1.4.0:
    resolution: {integrity: sha512-zhSCtt8v2NDrRlPQpCNtw/heZLtfUDqxBM1udqikb/Hbk52LK4nQSwr10u77iopCW5LsyHpuXS0GnEc48mLeew==}
    engines: {node: '>= 0.6'}
    dev: false

  /statuses/1.5.0:
    resolution: {integrity: sha1-Fhx9rBd2Wf2YEfQ3cfqZOBR4Yow=}
    engines: {node: '>= 0.6'}
    dev: false

  /string-width/3.1.0:
    resolution: {integrity: sha512-vafcv6KjVZKSgz06oM/H6GDBrAtz8vdhQakGjFIvNrHA6y3HCF1CInLy+QLq8dTJPQ1b+KDUqDFctkdRW44e1w==}
    engines: {node: '>=6'}
    dependencies:
      emoji-regex: 7.0.3
      is-fullwidth-code-point: 2.0.0
      strip-ansi: 5.2.0
    dev: true

  /string_decoder/1.3.0:
    resolution: {integrity: sha512-hkRX8U1WjJFd8LsDJ2yQ/wWWxaopEsABU1XfkM8A+j0+85JAGppt16cr1Whg6KIbb4okU6Mql6BOj+uup/wKeA==}
    dependencies:
      safe-buffer: 5.2.1
    dev: false

  /strip-ansi/5.2.0:
    resolution: {integrity: sha512-DuRs1gKbBqsMKIZlrffwlug8MHkcnpjs5VPmL1PAh+mA30U0DTotfDZ0d2UUsXpPmPmMMJ6W773MaA3J+lbiWA==}
    engines: {node: '>=6'}
    dependencies:
      ansi-regex: 4.1.0
    dev: true

  /timers-ext/0.1.7:
    resolution: {integrity: sha512-b85NUNzTSdodShTIbky6ZF02e8STtVVfD+fu4aXXShEELpozH+bCpJLYMPZbsABN2wDH7fJpqIoXxJpzbf0NqQ==}
    dependencies:
      es5-ext: 0.10.53
      next-tick: 1.1.0
    dev: true

  /to-fast-properties/1.0.3:
    resolution: {integrity: sha1-uDVx+k2MJbguIxsG46MFXeTKGkc=}
    engines: {node: '>=0.10.0'}
    dev: false

  /token-stream/0.0.1:
    resolution: {integrity: sha1-zu78cXp2xDFvEm0LnbqlXX598Bo=}
    dev: false

  /toposort-class/1.0.1:
    resolution: {integrity: sha1-f/0feMi+KMO6Rc1OGj9e4ZO9mYg=}
    dev: false

  /type-is/1.6.18:
    resolution: {integrity: sha512-TkRKr9sUTxEH8MdfuCSP7VizJyzRNMjj2J2do2Jr3Kym598JVdEksuzPQCnlFPW4ky9Q+iA+ma9BGm06XQBy8g==}
    engines: {node: '>= 0.6'}
    dependencies:
      media-typer: 0.3.0
      mime-types: 2.1.32
    dev: false

  /type/1.2.0:
    resolution: {integrity: sha512-+5nt5AAniqsCnu2cEQQdpzCAh33kVx8n0VoFidKpB1dVVLAN/F+bgVOqOJqOnEnrhp222clB5p3vUlD+1QAnfg==}
    dev: true

  /type/2.5.0:
    resolution: {integrity: sha512-180WMDQaIMm3+7hGXWf12GtdniDEy7nYcyFMKJn/eZz/6tSLXrUN9V0wKSbMjej0I1WHWbpREDEKHtqPQa9NNw==}
    dev: true

  /uglify-js/2.8.29:
    resolution: {integrity: sha1-KcVzMUgFe7Th913zW3qcty5qWd0=}
    engines: {node: '>=0.8.0'}
    hasBin: true
    dependencies:
      source-map: 0.5.7
      yargs: 3.10.0
    optionalDependencies:
      uglify-to-browserify: 1.0.2
    dev: false

  /uglify-to-browserify/1.0.2:
    resolution: {integrity: sha1-bgkk1r2mta/jSeOabWMoUKD4grc=}
    requiresBuild: true
    dev: false
    optional: true

  /umzug/2.3.0:
    resolution: {integrity: sha512-Z274K+e8goZK8QJxmbRPhl89HPO1K+ORFtm6rySPhFKfKc5GHhqdzD0SGhSWHkzoXasqJuItdhorSvY7/Cgflw==}
    engines: {node: '>=6.0.0'}
    dependencies:
      bluebird: 3.7.2
    dev: true

  /underscore/1.13.1:
    resolution: {integrity: sha512-hzSoAVtJF+3ZtiFX0VgfFPHEDRm7Y/QPjGyNo4TVdnDTdft3tr8hEkD25a1jC+TjTuE7tkHGKkhwCgs9dgBB2g==}
    dev: false

  /universalify/0.1.2:
    resolution: {integrity: sha512-rBJeI5CXAlmy1pV+617WB9J63U6XcazHHF2f2dbJix4XzpUF0RS3Zbj0FGIOCAva5P/d/GBOYaACQ1w+0azUkg==}
    engines: {node: '>= 4.0.0'}
    dev: true

  /unpipe/1.0.0:
    resolution: {integrity: sha1-sr9O6FFKrmFltIF4KdIbLvSZBOw=}
    engines: {node: '>= 0.8'}
    dev: false

  /util-deprecate/1.0.2:
    resolution: {integrity: sha1-RQ1Nyfpw3nMnYvvS1KKJgUGaDM8=}
    dev: false

  /utils-merge/1.0.1:
    resolution: {integrity: sha1-n5VxD1CiZ5R7LMwSR0HBAoQn5xM=}
    engines: {node: '>= 0.4.0'}
    dev: false

  /uuid/8.3.2:
    resolution: {integrity: sha512-+NYs2QeMWy+GWFOEm9xnn6HCDp0l7QBD7ml8zLUmJ+93Q5NF0NocErnwkTkXVFNiX3/fpC6afS8Dhb/gz7R7eg==}
    hasBin: true
    dev: false

  /validator/13.6.0:
    resolution: {integrity: sha512-gVgKbdbHgtxpRyR8K0O6oFZPhhB5tT1jeEHZR0Znr9Svg03U0+r9DXWMrnRAB+HtCStDQKlaIZm42tVsVjqtjg==}
    engines: {node: '>= 0.10'}
    dev: false

  /vary/1.1.2:
    resolution: {integrity: sha1-IpnwLG3tMNSllhsLn3RSShj2NPw=}
    engines: {node: '>= 0.8'}
    dev: false

  /void-elements/2.0.1:
    resolution: {integrity: sha1-wGavtYK7HLQSjWDqkjkulNXp2+w=}
    engines: {node: '>=0.10.0'}
    dev: false

  /which-module/2.0.0:
    resolution: {integrity: sha1-2e8H3Od7mQK4o6j6SzHD4/fm6Ho=}
    dev: true

  /window-size/0.1.0:
    resolution: {integrity: sha1-VDjNLqk7IC76Ohn+iIeu58lPnJ0=}
    engines: {node: '>= 0.8.0'}
    dev: false

  /with/5.1.1:
    resolution: {integrity: sha1-+k2qktrzLE6pTtRTyB8EaGtXXf4=}
    dependencies:
      acorn: 3.3.0
      acorn-globals: 3.1.0
    dev: false

  /wkx/0.5.0:
    resolution: {integrity: sha512-Xng/d4Ichh8uN4l0FToV/258EjMGU9MGcA0HV2d9B/ZpZB3lqQm7nkOdZdm5GhKtLLhAE7PiVQwN4eN+2YJJUg==}
    dependencies:
      '@types/node': 16.7.6
    dev: false

  /wordwrap/0.0.2:
    resolution: {integrity: sha1-t5Zpu0LstAn4PVg8rVLKF+qhZD8=}
    engines: {node: '>=0.4.0'}
    dev: false

  /wrap-ansi/5.1.0:
    resolution: {integrity: sha512-QC1/iN/2/RPVJ5jYK8BGttj5z83LmSKmvbvrXPNCLZSEb32KKVDJDl/MOt2N01qU2H/FkzEa9PKto1BqDjtd7Q==}
    engines: {node: '>=6'}
    dependencies:
      ansi-styles: 3.2.1
      string-width: 3.1.0
      strip-ansi: 5.2.0
    dev: true

  /wrappy/1.0.2:
    resolution: {integrity: sha1-tSQ9jz7BqjXxNkYFvA0QNuMKtp8=}
    dev: true

  /xtend/4.0.2:
    resolution: {integrity: sha512-LKYU1iAXJXUgAXn9URjiu+MWhyUXHsvfp7mcuYm9dSUKK0/CjtrUwFAxD82/mCWbtLsGjFIad0wIsod4zrTAEQ==}
    engines: {node: '>=0.4'}
    dev: false

  /y18n/4.0.3:
    resolution: {integrity: sha512-JKhqTOwSrqNA1NY5lSztJ1GrBiUodLMmIZuLiDaMRJ+itFd+ABVE8XBjOvIWL+rSqNDC74LCSFmlb/U4UZ4hJQ==}
    dev: true

  /yallist/2.1.2:
    resolution: {integrity: sha1-HBH5IY8HYImkfdUS+TxmmaaoHVI=}
    dev: true

  /yallist/4.0.0:
    resolution: {integrity: sha512-3wdGidZyq5PB084XLES5TpOSRA3wjXAlIWMhum2kRcv/41Sn2emQ0dycQW4uZXLejwKvg6EsvbdlVL+FYEct7A==}
    dev: false

  /yargs-parser/13.1.2:
    resolution: {integrity: sha512-3lbsNRf/j+A4QuSZfDRA7HRSfWrzO0YjqTJd5kjAq37Zep1CEgaYmrH9Q3GwPiB9cHyd1Y1UwggGhJGoxipbzg==}
    dependencies:
      camelcase: 5.3.1
      decamelize: 1.2.0
    dev: true

  /yargs/13.3.2:
    resolution: {integrity: sha512-AX3Zw5iPruN5ie6xGRIDgqkT+ZhnRlZMLMHAs8tg7nRruy2Nb+i5o9bwghAogtM08q1dpr2LVoS8KSTMYpWXUw==}
    dependencies:
      cliui: 5.0.0
      find-up: 3.0.0
      get-caller-file: 2.0.5
      require-directory: 2.1.1
      require-main-filename: 2.0.0
      set-blocking: 2.0.0
      string-width: 3.1.0
      which-module: 2.0.0
      y18n: 4.0.3
      yargs-parser: 13.1.2
    dev: true

  /yargs/3.10.0:
    resolution: {integrity: sha1-9+572FfdfB0tOMDnTvvWgdFDH9E=}
    dependencies:
      camelcase: 1.2.1
      cliui: 2.1.0
      decamelize: 1.2.0
      window-size: 0.1.0
    dev: false
